// !$*UTF8*$!
{
	archiveVersion = 1;
	classes = {
	};
	objectVersion = 56;
	objects = {

/* Begin PBXBuildFile section */
		7C57E8852B9275F50008DAFE /* ChatGPTSwiftApp.swift in Sources */ = {isa = PBXBuildFile; fileRef = 7C57E8842B9275F50008DAFE /* ChatGPTSwiftApp.swift */; };
		7C57E8872B9275F50008DAFE /* ContentView.swift in Sources */ = {isa = PBXBuildFile; fileRef = 7C57E8862B9275F50008DAFE /* ContentView.swift */; };
		7C57E8892B9275F60008DAFE /* Assets.xcassets in Resources */ = {isa = PBXBuildFile; fileRef = 7C57E8882B9275F60008DAFE /* Assets.xcassets */; };
		7C57E88C2B9275F60008DAFE /* Preview Assets.xcassets in Resources */ = {isa = PBXBuildFile; fileRef = 7C57E88B2B9275F60008DAFE /* Preview Assets.xcassets */; };
		7C57E8982B9276AF0008DAFE /* ChatView.swift in Sources */ = {isa = PBXBuildFile; fileRef = 7C57E8972B9276AF0008DAFE /* ChatView.swift */; };
		7C57E89E2B92775E0008DAFE /* LoginView.swift in Sources */ = {isa = PBXBuildFile; fileRef = 7C57E89D2B92775E0008DAFE /* LoginView.swift */; };
		7C57E8A02B9277690008DAFE /* RegisterView.swift in Sources */ = {isa = PBXBuildFile; fileRef = 7C57E89F2B9277690008DAFE /* RegisterView.swift */; };
		7C57E8A22B92784C0008DAFE /* ChatViewModel.swift in Sources */ = {isa = PBXBuildFile; fileRef = 7C57E8A12B92784C0008DAFE /* ChatViewModel.swift */; };
		7C57E8A72B9279150008DAFE /* OpenAiService.swift in Sources */ = {isa = PBXBuildFile; fileRef = 7C57E8A62B9279150008DAFE /* OpenAiService.swift */; };
		7C57E8AA2B92792F0008DAFE /* Alamofire in Frameworks */ = {isa = PBXBuildFile; productRef = 7C57E8A92B92792F0008DAFE /* Alamofire */; };
		7C57E8AD2B927B3F0008DAFE /* Constant.swift in Sources */ = {isa = PBXBuildFile; fileRef = 7C57E8AC2B927B3F0008DAFE /* Constant.swift */; };
/* End PBXBuildFile section */

/* Begin PBXFileReference section */
		7C57E8812B9275F50008DAFE /* ChatGPTSwift.app */ = {isa = PBXFileReference; explicitFileType = wrapper.application; includeInIndex = 0; path = ChatGPTSwift.app; sourceTree = BUILT_PRODUCTS_DIR; };
		7C57E8842B9275F50008DAFE /* ChatGPTSwiftApp.swift */ = {isa = PBXFileReference; lastKnownFileType = sourcecode.swift; path = ChatGPTSwiftApp.swift; sourceTree = "<group>"; };
		7C57E8862B9275F50008DAFE /* ContentView.swift */ = {isa = PBXFileReference; lastKnownFileType = sourcecode.swift; path = ContentView.swift; sourceTree = "<group>"; };
		7C57E8882B9275F60008DAFE /* Assets.xcassets */ = {isa = PBXFileReference; lastKnownFileType = folder.assetcatalog; path = Assets.xcassets; sourceTree = "<group>"; };
		7C57E88B2B9275F60008DAFE /* Preview Assets.xcassets */ = {isa = PBXFileReference; lastKnownFileType = folder.assetcatalog; path = "Preview Assets.xcassets"; sourceTree = "<group>"; };
		7C57E8972B9276AF0008DAFE /* ChatView.swift */ = {isa = PBXFileReference; lastKnownFileType = sourcecode.swift; path = ChatView.swift; sourceTree = "<group>"; };
		7C57E89D2B92775E0008DAFE /* LoginView.swift */ = {isa = PBXFileReference; lastKnownFileType = sourcecode.swift; path = LoginView.swift; sourceTree = "<group>"; };
		7C57E89F2B9277690008DAFE /* RegisterView.swift */ = {isa = PBXFileReference; lastKnownFileType = sourcecode.swift; path = RegisterView.swift; sourceTree = "<group>"; };
		7C57E8A12B92784C0008DAFE /* ChatViewModel.swift */ = {isa = PBXFileReference; lastKnownFileType = sourcecode.swift; path = ChatViewModel.swift; sourceTree = "<group>"; };
		7C57E8A62B9279150008DAFE /* OpenAiService.swift */ = {isa = PBXFileReference; lastKnownFileType = sourcecode.swift; path = OpenAiService.swift; sourceTree = "<group>"; };
		7C57E8AC2B927B3F0008DAFE /* Constant.swift */ = {isa = PBXFileReference; lastKnownFileType = sourcecode.swift; path = Constant.swift; sourceTree = "<group>"; };
/* End PBXFileReference section */

/* Begin PBXFrameworksBuildPhase section */
		7C57E87E2B9275F50008DAFE /* Frameworks */ = {
			isa = PBXFrameworksBuildPhase;
			buildActionMask = 2147483647;
			files = (
				7C57E8AA2B92792F0008DAFE /* Alamofire in Frameworks */,
			);
			runOnlyForDeploymentPostprocessing = 0;
		};
/* End PBXFrameworksBuildPhase section */

/* Begin PBXGroup section */
		7C57E8782B9275F50008DAFE = {
			isa = PBXGroup;
			children = (
				7C57E8832B9275F50008DAFE /* ChatGPTSwift */,
				7C57E8822B9275F50008DAFE /* Products */,
			);
			sourceTree = "<group>";
		};
		7C57E8822B9275F50008DAFE /* Products */ = {
			isa = PBXGroup;
			children = (
				7C57E8812B9275F50008DAFE /* ChatGPTSwift.app */,
			);
			name = Products;
			sourceTree = "<group>";
		};
		7C57E8832B9275F50008DAFE /* ChatGPTSwift */ = {
			isa = PBXGroup;
			children = (
				7C57E8952B9276840008DAFE /* Worker */,
				7C57E8942B9276130008DAFE /* Application */,
				7C57E8932B92760C0008DAFE /* Views */,
				7C57E8922B9276040008DAFE /* Models */,
				7C57E8882B9275F60008DAFE /* Assets.xcassets */,
				7C57E88A2B9275F60008DAFE /* Preview Content */,
			);
			path = ChatGPTSwift;
			sourceTree = "<group>";
		};
		7C57E88A2B9275F60008DAFE /* Preview Content */ = {
			isa = PBXGroup;
			children = (
				7C57E88B2B9275F60008DAFE /* Preview Assets.xcassets */,
			);
			path = "Preview Content";
			sourceTree = "<group>";
		};
		7C57E8922B9276040008DAFE /* Models */ = {
			isa = PBXGroup;
			children = (
				7C57E8A12B92784C0008DAFE /* ChatViewModel.swift */,
			);
			path = Models;
			sourceTree = "<group>";
		};
		7C57E8932B92760C0008DAFE /* Views */ = {
			isa = PBXGroup;
			children = (
				7C57E8992B9276B40008DAFE /* Auth */,
				7C57E8862B9275F50008DAFE /* ContentView.swift */,
				7C57E8972B9276AF0008DAFE /* ChatView.swift */,
			);
			path = Views;
			sourceTree = "<group>";
		};
		7C57E8942B9276130008DAFE /* Application */ = {
			isa = PBXGroup;
			children = (
				7C57E8842B9275F50008DAFE /* ChatGPTSwiftApp.swift */,
			);
			path = Application;
			sourceTree = "<group>";
		};
		7C57E8952B9276840008DAFE /* Worker */ = {
			isa = PBXGroup;
			children = (
				7C57E8AB2B927B260008DAFE /* Uitls */,
				7C57E8A52B9278EF0008DAFE /* Register */,
				7C57E8A42B9278E80008DAFE /* Login */,
				7C57E8A32B9278E10008DAFE /* OpenAi */,
			);
			path = Worker;
			sourceTree = "<group>";
		};
		7C57E8992B9276B40008DAFE /* Auth */ = {
			isa = PBXGroup;
			children = (
				7C57E89B2B9276BD0008DAFE /* Register */,
				7C57E89A2B9276B90008DAFE /* Login */,
			);
			path = Auth;
			sourceTree = "<group>";
		};
		7C57E89A2B9276B90008DAFE /* Login */ = {
			isa = PBXGroup;
			children = (
				7C57E89D2B92775E0008DAFE /* LoginView.swift */,
			);
			path = Login;
			sourceTree = "<group>";
		};
		7C57E89B2B9276BD0008DAFE /* Register */ = {
			isa = PBXGroup;
			children = (
				7C57E89F2B9277690008DAFE /* RegisterView.swift */,
			);
			path = Register;
			sourceTree = "<group>";
		};
		7C57E8A32B9278E10008DAFE /* OpenAi */ = {
			isa = PBXGroup;
			children = (
				7C57E8A62B9279150008DAFE /* OpenAiService.swift */,
			);
			path = OpenAi;
			sourceTree = "<group>";
		};
		7C57E8A42B9278E80008DAFE /* Login */ = {
			isa = PBXGroup;
			children = (
			);
			path = Login;
			sourceTree = "<group>";
		};
		7C57E8A52B9278EF0008DAFE /* Register */ = {
			isa = PBXGroup;
			children = (
			);
			path = Register;
			sourceTree = "<group>";
		};
		7C57E8AB2B927B260008DAFE /* Uitls */ = {
			isa = PBXGroup;
			children = (
				7C57E8AC2B927B3F0008DAFE /* Constant.swift */,
			);
			path = Uitls;
			sourceTree = "<group>";
		};
/* End PBXGroup section */

/* Begin PBXNativeTarget section */
		7C57E8802B9275F50008DAFE /* ChatGPTSwift */ = {
			isa = PBXNativeTarget;
			buildConfigurationList = 7C57E88F2B9275F60008DAFE /* Build configuration list for PBXNativeTarget "ChatGPTSwift" */;
			buildPhases = (
				7C57E87D2B9275F50008DAFE /* Sources */,
				7C57E87E2B9275F50008DAFE /* Frameworks */,
				7C57E87F2B9275F50008DAFE /* Resources */,
			);
			buildRules = (
			);
			dependencies = (
			);
			name = ChatGPTSwift;
			packageProductDependencies = (
				7C57E8A92B92792F0008DAFE /* Alamofire */,
			);
			productName = ChatGPTSwift;
			productReference = 7C57E8812B9275F50008DAFE /* ChatGPTSwift.app */;
			productType = "com.apple.product-type.application";
		};
/* End PBXNativeTarget section */

/* Begin PBXProject section */
		7C57E8792B9275F50008DAFE /* Project object */ = {
			isa = PBXProject;
			attributes = {
				BuildIndependentTargetsInParallel = 1;
				LastSwiftUpdateCheck = 1430;
				LastUpgradeCheck = 1430;
				TargetAttributes = {
					7C57E8802B9275F50008DAFE = {
						CreatedOnToolsVersion = 14.3;
					};
				};
			};
			buildConfigurationList = 7C57E87C2B9275F50008DAFE /* Build configuration list for PBXProject "ChatGPTSwift" */;
			compatibilityVersion = "Xcode 14.0";
			developmentRegion = en;
			hasScannedForEncodings = 0;
			knownRegions = (
				en,
				Base,
			);
			mainGroup = 7C57E8782B9275F50008DAFE;
			packageReferences = (
				7C57E8A82B92792F0008DAFE /* XCRemoteSwiftPackageReference "Alamofire" */,
			);
			productRefGroup = 7C57E8822B9275F50008DAFE /* Products */;
			projectDirPath = "";
			projectRoot = "";
			targets = (
				7C57E8802B9275F50008DAFE /* ChatGPTSwift */,
			);
		};
/* End PBXProject section */

/* Begin PBXResourcesBuildPhase section */
		7C57E87F2B9275F50008DAFE /* Resources */ = {
			isa = PBXResourcesBuildPhase;
			buildActionMask = 2147483647;
			files = (
				7C57E88C2B9275F60008DAFE /* Preview Assets.xcassets in Resources */,
				7C57E8892B9275F60008DAFE /* Assets.xcassets in Resources */,
			);
			runOnlyForDeploymentPostprocessing = 0;
		};
/* End PBXResourcesBuildPhase section */

/* Begin PBXSourcesBuildPhase section */
		7C57E87D2B9275F50008DAFE /* Sources */ = {
			isa = PBXSourcesBuildPhase;
			buildActionMask = 2147483647;
			files = (
				7C57E8872B9275F50008DAFE /* ContentView.swift in Sources */,
				7C57E8A02B9277690008DAFE /* RegisterView.swift in Sources */,
				7C57E8982B9276AF0008DAFE /* ChatView.swift in Sources */,
				7C57E8AD2B927B3F0008DAFE /* Constant.swift in Sources */,
				7C57E8A72B9279150008DAFE /* OpenAiService.swift in Sources */,
				7C57E89E2B92775E0008DAFE /* LoginView.swift in Sources */,
				7C57E8A22B92784C0008DAFE /* ChatViewModel.swift in Sources */,
				7C57E8852B9275F50008DAFE /* ChatGPTSwiftApp.swift in Sources */,
			);
			runOnlyForDeploymentPostprocessing = 0;
		};
/* End PBXSourcesBuildPhase section */

/* Begin XCBuildConfiguration section */
		7C57E88D2B9275F60008DAFE /* Debug */ = {
			isa = XCBuildConfiguration;
			buildSettings = {
				ALWAYS_SEARCH_USER_PATHS = NO;
				CLANG_ANALYZER_NONNULL = YES;
				CLANG_ANALYZER_NUMBER_OBJECT_CONVERSION = YES_AGGRESSIVE;
				CLANG_CXX_LANGUAGE_STANDARD = "gnu++20";
				CLANG_ENABLE_MODULES = YES;
				CLANG_ENABLE_OBJC_ARC = YES;
				CLANG_ENABLE_OBJC_WEAK = YES;
				CLANG_WARN_BLOCK_CAPTURE_AUTORELEASING = YES;
				CLANG_WARN_BOOL_CONVERSION = YES;
				CLANG_WARN_COMMA = YES;
				CLANG_WARN_CONSTANT_CONVERSION = YES;
				CLANG_WARN_DEPRECATED_OBJC_IMPLEMENTATIONS = YES;
				CLANG_WARN_DIRECT_OBJC_ISA_USAGE = YES_ERROR;
				CLANG_WARN_DOCUMENTATION_COMMENTS = YES;
				CLANG_WARN_EMPTY_BODY = YES;
				CLANG_WARN_ENUM_CONVERSION = YES;
				CLANG_WARN_INFINITE_RECURSION = YES;
				CLANG_WARN_INT_CONVERSION = YES;
				CLANG_WARN_NON_LITERAL_NULL_CONVERSION = YES;
				CLANG_WARN_OBJC_IMPLICIT_RETAIN_SELF = YES;
				CLANG_WARN_OBJC_LITERAL_CONVERSION = YES;
				CLANG_WARN_OBJC_ROOT_CLASS = YES_ERROR;
				CLANG_WARN_QUOTED_INCLUDE_IN_FRAMEWORK_HEADER = YES;
				CLANG_WARN_RANGE_LOOP_ANALYSIS = YES;
				CLANG_WARN_STRICT_PROTOTYPES = YES;
				CLANG_WARN_SUSPICIOUS_MOVE = YES;
				CLANG_WARN_UNGUARDED_AVAILABILITY = YES_AGGRESSIVE;
				CLANG_WARN_UNREACHABLE_CODE = YES;
				CLANG_WARN__DUPLICATE_METHOD_MATCH = YES;
				COPY_PHASE_STRIP = NO;
				DEBUG_INFORMATION_FORMAT = dwarf;
				ENABLE_STRICT_OBJC_MSGSEND = YES;
				ENABLE_TESTABILITY = YES;
				GCC_C_LANGUAGE_STANDARD = gnu11;
				GCC_DYNAMIC_NO_PIC = NO;
				GCC_NO_COMMON_BLOCKS = YES;
				GCC_OPTIMIZATION_LEVEL = 0;
				GCC_PREPROCESSOR_DEFINITIONS = (
					"DEBUG=1",
					"$(inherited)",
				);
				GCC_WARN_64_TO_32_BIT_CONVERSION = YES;
				GCC_WARN_ABOUT_RETURN_TYPE = YES_ERROR;
				GCC_WARN_UNDECLARED_SELECTOR = YES;
				GCC_WARN_UNINITIALIZED_AUTOS = YES_AGGRESSIVE;
				GCC_WARN_UNUSED_FUNCTION = YES;
				GCC_WARN_UNUSED_VARIABLE = YES;
				IPHONEOS_DEPLOYMENT_TARGET = 16.4;
				MTL_ENABLE_DEBUG_INFO = INCLUDE_SOURCE;
				MTL_FAST_MATH = YES;
				ONLY_ACTIVE_ARCH = YES;
				SDKROOT = iphoneos;
				SWIFT_ACTIVE_COMPILATION_CONDITIONS = DEBUG;
				SWIFT_OPTIMIZATION_LEVEL = "-Onone";
			};
			name = Debug;
		};
		7C57E88E2B9275F60008DAFE /* Release */ = {
			isa = XCBuildConfiguration;
			buildSettings = {
				ALWAYS_SEARCH_USER_PATHS = NO;
				CLANG_ANALYZER_NONNULL = YES;
				CLANG_ANALYZER_NUMBER_OBJECT_CONVERSION = YES_AGGRESSIVE;
				CLANG_CXX_LANGUAGE_STANDARD = "gnu++20";
				CLANG_ENABLE_MODULES = YES;
				CLANG_ENABLE_OBJC_ARC = YES;
				CLANG_ENABLE_OBJC_WEAK = YES;
				CLANG_WARN_BLOCK_CAPTURE_AUTORELEASING = YES;
				CLANG_WARN_BOOL_CONVERSION = YES;
				CLANG_WARN_COMMA = YES;
				CLANG_WARN_CONSTANT_CONVERSION = YES;
				CLANG_WARN_DEPRECATED_OBJC_IMPLEMENTATIONS = YES;
				CLANG_WARN_DIRECT_OBJC_ISA_USAGE = YES_ERROR;
				CLANG_WARN_DOCUMENTATION_COMMENTS = YES;
				CLANG_WARN_EMPTY_BODY = YES;
				CLANG_WARN_ENUM_CONVERSION = YES;
				CLANG_WARN_INFINITE_RECURSION = YES;
				CLANG_WARN_INT_CONVERSION = YES;
				CLANG_WARN_NON_LITERAL_NULL_CONVERSION = YES;
				CLANG_WARN_OBJC_IMPLICIT_RETAIN_SELF = YES;
				CLANG_WARN_OBJC_LITERAL_CONVERSION = YES;
				CLANG_WARN_OBJC_ROOT_CLASS = YES_ERROR;
				CLANG_WARN_QUOTED_INCLUDE_IN_FRAMEWORK_HEADER = YES;
				CLANG_WARN_RANGE_LOOP_ANALYSIS = YES;
				CLANG_WARN_STRICT_PROTOTYPES = YES;
				CLANG_WARN_SUSPICIOUS_MOVE = YES;
				CLANG_WARN_UNGUARDED_AVAILABILITY = YES_AGGRESSIVE;
				CLANG_WARN_UNREACHABLE_CODE = YES;
				CLANG_WARN__DUPLICATE_METHOD_MATCH = YES;
				COPY_PHASE_STRIP = NO;
				DEBUG_INFORMATION_FORMAT = "dwarf-with-dsym";
				ENABLE_NS_ASSERTIONS = NO;
				ENABLE_STRICT_OBJC_MSGSEND = YES;
				GCC_C_LANGUAGE_STANDARD = gnu11;
				GCC_NO_COMMON_BLOCKS = YES;
				GCC_WARN_64_TO_32_BIT_CONVERSION = YES;
				GCC_WARN_ABOUT_RETURN_TYPE = YES_ERROR;
				GCC_WARN_UNDECLARED_SELECTOR = YES;
				GCC_WARN_UNINITIALIZED_AUTOS = YES_AGGRESSIVE;
				GCC_WARN_UNUSED_FUNCTION = YES;
				GCC_WARN_UNUSED_VARIABLE = YES;
				IPHONEOS_DEPLOYMENT_TARGET = 16.4;
				MTL_ENABLE_DEBUG_INFO = NO;
				MTL_FAST_MATH = YES;
				SDKROOT = iphoneos;
				SWIFT_COMPILATION_MODE = wholemodule;
				SWIFT_OPTIMIZATION_LEVEL = "-O";
				VALIDATE_PRODUCT = YES;
			};
			name = Release;
		};
		7C57E8902B9275F60008DAFE /* Debug */ = {
			isa = XCBuildConfiguration;
			buildSettings = {
				ASSETCATALOG_COMPILER_APPICON_NAME = AppIcon;
				ASSETCATALOG_COMPILER_GLOBAL_ACCENT_COLOR_NAME = AccentColor;
				CODE_SIGN_STYLE = Automatic;
				CURRENT_PROJECT_VERSION = 1;
				DEVELOPMENT_ASSET_PATHS = "\"ChatGPTSwift/Preview Content\"";
				ENABLE_PREVIEWS = YES;
				GENERATE_INFOPLIST_FILE = YES;
				INFOPLIST_KEY_UIApplicationSceneManifest_Generation = YES;
				INFOPLIST_KEY_UIApplicationSupportsIndirectInputEvents = YES;
				INFOPLIST_KEY_UILaunchScreen_Generation = YES;
				INFOPLIST_KEY_UISupportedInterfaceOrientations_iPad = "UIInterfaceOrientationPortrait UIInterfaceOrientationPortraitUpsideDown UIInterfaceOrientationLandscapeLeft UIInterfaceOrientationLandscapeRight";
				INFOPLIST_KEY_UISupportedInterfaceOrientations_iPhone = "UIInterfaceOrientationPortrait UIInterfaceOrientationLandscapeLeft UIInterfaceOrientationLandscapeRight";
				LD_RUNPATH_SEARCH_PATHS = (
					"$(inherited)",
					"@executable_path/Frameworks",
				);
				MARKETING_VERSION = 1.0;
				PRODUCT_BUNDLE_IDENTIFIER = com.asimsafar.ChatGPTSwift;
				PRODUCT_NAME = "$(TARGET_NAME)";
				SWIFT_EMIT_LOC_STRINGS = YES;
				SWIFT_VERSION = 5.0;
				TARGETED_DEVICE_FAMILY = "1,2";
			};
			name = Debug;
		};
		7C57E8912B9275F60008DAFE /* Release */ = {
			isa = XCBuildConfiguration;
			buildSettings = {
				ASSETCATALOG_COMPILER_APPICON_NAME = AppIcon;
				ASSETCATALOG_COMPILER_GLOBAL_ACCENT_COLOR_NAME = AccentColor;
				CODE_SIGN_STYLE = Automatic;
				CURRENT_PROJECT_VERSION = 1;
				DEVELOPMENT_ASSET_PATHS = "\"ChatGPTSwift/Preview Content\"";
				ENABLE_PREVIEWS = YES;
				GENERATE_INFOPLIST_FILE = YES;
				INFOPLIST_KEY_UIApplicationSceneManifest_Generation = YES;
				INFOPLIST_KEY_UIApplicationSupportsIndirectInputEvents = YES;
				INFOPLIST_KEY_UILaunchScreen_Generation = YES;
				INFOPLIST_KEY_UISupportedInterfaceOrientations_iPad = "UIInterfaceOrientationPortrait UIInterfaceOrientationPortraitUpsideDown UIInterfaceOrientationLandscapeLeft UIInterfaceOrientationLandscapeRight";
				INFOPLIST_KEY_UISupportedInterfaceOrientations_iPhone = "UIInterfaceOrientationPortrait UIInterfaceOrientationLandscapeLeft UIInterfaceOrientationLandscapeRight";
				LD_RUNPATH_SEARCH_PATHS = (
					"$(inherited)",
					"@executable_path/Frameworks",
				);
				MARKETING_VERSION = 1.0;
				PRODUCT_BUNDLE_IDENTIFIER = com.asimsafar.ChatGPTSwift;
				PRODUCT_NAME = "$(TARGET_NAME)";
				SWIFT_EMIT_LOC_STRINGS = YES;
				SWIFT_VERSION = 5.0;
				TARGETED_DEVICE_FAMILY = "1,2";
			};
			name = Release;
		};
/* End XCBuildConfiguration section */

/* Begin XCConfigurationList section */
		7C57E87C2B9275F50008DAFE /* Build configuration list for PBXProject "ChatGPTSwift" */ = {
			isa = XCConfigurationList;
			buildConfigurations = (
				7C57E88D2B9275F60008DAFE /* Debug */,
				7C57E88E2B9275F60008DAFE /* Release */,
			);
			defaultConfigurationIsVisible = 0;
			defaultConfigurationName = Release;
		};
		7C57E88F2B9275F60008DAFE /* Build configuration list for PBXNativeTarget "ChatGPTSwift" */ = {
			isa = XCConfigurationList;
			buildConfigurations = (
				7C57E8902B9275F60008DAFE /* Debug */,
				7C57E8912B9275F60008DAFE /* Release */,
			);
			defaultConfigurationIsVisible = 0;
			defaultConfigurationName = Release;
		};
/* End XCConfigurationList section */

/* Begin XCRemoteSwiftPackageReference section */
		7C57E8A82B92792F0008DAFE /* XCRemoteSwiftPackageReference "Alamofire" */ = {
			isa = XCRemoteSwiftPackageReference;
			repositoryURL = "https://github.com/Alamofire/Alamofire";
			requirement = {
				kind = upToNextMajorVersion;
				minimumVersion = 5.0.0;
			};
		};
/* End XCRemoteSwiftPackageReference section */

/* Begin XCSwiftPackageProductDependency section */
		7C57E8A92B92792F0008DAFE /* Alamofire */ = {
			isa = XCSwiftPackageProductDependency;
			package = 7C57E8A82B92792F0008DAFE /* XCRemoteSwiftPackageReference "Alamofire" */;
			productName = Alamofire;
		};
/* End XCSwiftPackageProductDependency section */
	};
	rootObject = 7C57E8792B9275F50008DAFE /* Project object */;
}
